
Microsoft Visual Studio Solution File, Format Version 11.00
# Visual Studio 2010
# Ranorex Studio 8.2
Project("{2150E333-8FDC-42A3-9474-1A3956D46DE8}") = "Solution Items", "Solution Items", "{8CE4F0C5-1FD5-496F-890D-579C73D49664}"
	ProjectSection(SolutionItems) = postProject
		Ranorex = .\Ranorex.rxsettings
	EndProjectSection
EndProject
Project("{FAE04EC0-301F-11D3-BF4B-00C04F79EFBC}") = "SystemXAuto-Test", "SystemXAuto-Test.csproj", "{712F04E7-2D03-4E43-898C-876FA41CEB4C}"
EndProject
Global
	GlobalSection(SolutionConfigurationPlatforms) = preSolution
		Debug|x86 = Debug|x86
		Release|x86 = Release|x86
	EndGlobalSection
	GlobalSection(ProjectConfigurationPlatforms) = postSolution
		{712F04E7-2D03-4E43-898C-876FA41CEB4C}.Debug|x86.Build.0 = Debug|x86
		{712F04E7-2D03-4E43-898C-876FA41CEB4C}.Debug|x86.ActiveCfg = Debug|x86
		{712F04E7-2D03-4E43-898C-876FA41CEB4C}.Release|x86.Build.0 = Release|x86
		{712F04E7-2D03-4E43-898C-876FA41CEB4C}.Release|x86.ActiveCfg = Release|x86
	EndGlobalSection
EndGlobal
